{
  "name": "polygott-import",
  "version": "1.0.0",
  "lockfileVersion": 1,
  "requires": true,
  "dependencies": {
    "docker-file-parser": {
      "version": "1.0.3",
      "resolved": "https://registry.npmjs.org/docker-file-parser/-/docker-file-parser-1.0.3.tgz",
      "integrity": "sha1-XRthzc8YgLpATL0vfnOetRmgupI="
    },
    "dockerfile-ast": {
      "version": "0.0.11",
      "resolved": "https://registry.npmjs.org/dockerfile-ast/-/dockerfile-ast-0.0.11.tgz",
      "integrity": "sha512-biCqz6yJ6xlRD/jPCI9bFFDBFVawAuYZc/7HqrdQBHdtOx+JbnqP0UgVGpzJrcdGCivfq5l3Dga1pISOL8F4Iw==",
      "requires": {
        "vscode-languageserver-types": "3.10.0"
      }
    },
    "tomlify-j0.4": {
      "version": "3.0.0",
      "resolved": "https://registry.npmjs.org/tomlify-j0.4/-/tomlify-j0.4-3.0.0.tgz",
      "integrity": "sha512-2Ulkc8T7mXJ2l0W476YC/A209PR38Nw8PuaCNtk9uI3t1zzFdGQeWYGQvmj2PZkVvRC/Yoi4xQKMRnWc/N29tQ=="
    },
    "vscode-languageserver-types": {
      "version": "3.10.0",
      "resolved": "https://registry.npmjs.org/vscode-languageserver-types/-/vscode-languageserver-types-3.10.0.tgz",
      "integrity": "sha512-vxmCsVZGwq8X40SuLP8Ix7V0rq5V/7iQUjRVe2Oxm+TbmjxtjK4dpHHXQCUawjA4fhPA9FwjSRbDhbvQmYCfMw=="
    }
  }
}
